
Microsoft Visual Studio Solution File, Format Version 12.00
# Visual Studio 2013
VisualStudioVersion = 12.0.30501.0
MinimumVisualStudioVersion = 10.0.40219.1
Project("{FAE04EC0-301F-11D3-BF4B-00C04F79EFBC}") = "Rti.Model", "Rti.Model\Rti.Model.csproj", "{DAEE8322-1220-41C8-A2E4-6AEA2A0EF8E3}"
EndProject
Project("{FAE04EC0-301F-11D3-BF4B-00C04F79EFBC}") = "Rti.ViewModel", "Rti.ViewModel\Rti.ViewModel.csproj", "{B17E09D8-F1A1-45D0-96AD-4A8D4BBA628E}"
EndProject
Project("{FAE04EC0-301F-11D3-BF4B-00C04F79EFBC}") = "Rti.App", "Rti.App\Rti.App.csproj", "{03FF110B-797A-4873-8B49-3FDE9C750852}"
EndProject
Global
	GlobalSection(SolutionConfigurationPlatforms) = preSolution
		Debug|Any CPU = Debug|Any CPU
		Release|Any CPU = Release|Any CPU
	EndGlobalSection
	GlobalSection(ProjectConfigurationPlatforms) = postSolution
		{DAEE8322-1220-41C8-A2E4-6AEA2A0EF8E3}.Debug|Any CPU.ActiveCfg = Debug|Any CPU
		{DAEE8322-1220-41C8-A2E4-6AEA2A0EF8E3}.Debug|Any CPU.Build.0 = Debug|Any CPU
		{DAEE8322-1220-41C8-A2E4-6AEA2A0EF8E3}.Release|Any CPU.ActiveCfg = Release|Any CPU
		{DAEE8322-1220-41C8-A2E4-6AEA2A0EF8E3}.Release|Any CPU.Build.0 = Release|Any CPU
		{B17E09D8-F1A1-45D0-96AD-4A8D4BBA628E}.Debug|Any CPU.ActiveCfg = Debug|Any CPU
		{B17E09D8-F1A1-45D0-96AD-4A8D4BBA628E}.Debug|Any CPU.Build.0 = Debug|Any CPU
		{B17E09D8-F1A1-45D0-96AD-4A8D4BBA628E}.Release|Any CPU.ActiveCfg = Release|Any CPU
		{B17E09D8-F1A1-45D0-96AD-4A8D4BBA628E}.Release|Any CPU.Build.0 = Release|Any CPU
		{03FF110B-797A-4873-8B49-3FDE9C750852}.Debug|Any CPU.ActiveCfg = Debug|Any CPU
		{03FF110B-797A-4873-8B49-3FDE9C750852}.Debug|Any CPU.Build.0 = Debug|Any CPU
		{03FF110B-797A-4873-8B49-3FDE9C750852}.Release|Any CPU.ActiveCfg = Release|Any CPU
		{03FF110B-797A-4873-8B49-3FDE9C750852}.Release|Any CPU.Build.0 = Release|Any CPU
	EndGlobalSection
	GlobalSection(SolutionProperties) = preSolution
		HideSolutionNode = FALSE
	EndGlobalSection
EndGlobal
